
Microsoft Visual Studio Solution File, Format Version 12.00
# Visual Studio 15
VisualStudioVersion = 15.0.28010.2036
MinimumVisualStudioVersion = 10.0.40219.1
Project("{FAE04EC0-301F-11D3-BF4B-00C04F79EFBC}") = "DotNetCoreExampleLibrary", "DotNetCoreExampleLibrary\DotNetCoreExampleLibrary.csproj", "{BA2CCA83-AC88-4F56-9924-36A882574FBD}"
EndProject
Global
	GlobalSection(SolutionConfigurationPlatforms) = preSolution
		Debug|Any CPU = Debug|Any CPU
		Release|Any CPU = Release|Any CPU
	EndGlobalSection
	GlobalSection(ProjectConfigurationPlatforms) = postSolution
		{BA2CCA83-AC88-4F56-9924-36A882574FBD}.Debug|Any CPU.ActiveCfg = Debug|Any CPU
		{BA2CCA83-AC88-4F56-9924-36A882574FBD}.Debug|Any CPU.Build.0 = Debug|Any CPU
		{BA2CCA83-AC88-4F56-9924-36A882574FBD}.Release|Any CPU.ActiveCfg = Release|Any CPU
		{BA2CCA83-AC88-4F56-9924-36A882574FBD}.Release|Any CPU.Build.0 = Release|Any CPU
	EndGlobalSection
	GlobalSection(SolutionProperties) = preSolution
		HideSolutionNode = FALSE
	EndGlobalSection
	GlobalSection(ExtensibilityGlobals) = postSolution
		SolutionGuid = {50860C28-2CA2-47F3-98D9-B29C50416343}
	EndGlobalSection
EndGlobal
